
Microsoft Visual Studio Solution File, Format Version 12.00
# Visual Studio 15
VisualStudioVersion = 15.0.28307.1231
MinimumVisualStudioVersion = 10.0.40219.1
Project("{FAE04EC0-301F-11D3-BF4B-00C04F79EFBC}") = "AircraftMonitorAPI", "AircraftMonitorAPI\AircraftMonitorAPI.csproj", "{741E3042-83F2-4AD7-9C40-B9F7D3374ABE}"
EndProject
Project("{FAE04EC0-301F-11D3-BF4B-00C04F79EFBC}") = "AircraftMonitorAPI.DataAccess", "AircraftMonitorAPI.DataAccess\AircraftMonitorAPI.DataAccess.csproj", "{35B7EE9D-D93A-4D0D-B5E1-F64254EFAC50}"
EndProject
Project("{FAE04EC0-301F-11D3-BF4B-00C04F79EFBC}") = "AircraftMonitorAPI.Entities", "AircraftMonitorAPI.Entities\AircraftMonitorAPI.Entities.csproj", "{994C2062-E351-4AE6-A601-F6CAFB88D958}"
EndProject
Project("{FAE04EC0-301F-11D3-BF4B-00C04F79EFBC}") = "AircraftMonitorAPI.Controllers", "AircraftMonitorAPI.Controllers\AircraftMonitorAPI.Controllers.csproj", "{CDC3562F-8B44-4CB1-B8E2-8215327BE30D}"
EndProject
Global
	GlobalSection(SolutionConfigurationPlatforms) = preSolution
		Debug|Any CPU = Debug|Any CPU
		Release|Any CPU = Release|Any CPU
	EndGlobalSection
	GlobalSection(ProjectConfigurationPlatforms) = postSolution
		{741E3042-83F2-4AD7-9C40-B9F7D3374ABE}.Debug|Any CPU.ActiveCfg = Debug|Any CPU
		{741E3042-83F2-4AD7-9C40-B9F7D3374ABE}.Debug|Any CPU.Build.0 = Debug|Any CPU
		{741E3042-83F2-4AD7-9C40-B9F7D3374ABE}.Release|Any CPU.ActiveCfg = Release|Any CPU
		{741E3042-83F2-4AD7-9C40-B9F7D3374ABE}.Release|Any CPU.Build.0 = Release|Any CPU
		{35B7EE9D-D93A-4D0D-B5E1-F64254EFAC50}.Debug|Any CPU.ActiveCfg = Debug|Any CPU
		{35B7EE9D-D93A-4D0D-B5E1-F64254EFAC50}.Debug|Any CPU.Build.0 = Debug|Any CPU
		{35B7EE9D-D93A-4D0D-B5E1-F64254EFAC50}.Release|Any CPU.ActiveCfg = Release|Any CPU
		{35B7EE9D-D93A-4D0D-B5E1-F64254EFAC50}.Release|Any CPU.Build.0 = Release|Any CPU
		{994C2062-E351-4AE6-A601-F6CAFB88D958}.Debug|Any CPU.ActiveCfg = Debug|Any CPU
		{994C2062-E351-4AE6-A601-F6CAFB88D958}.Debug|Any CPU.Build.0 = Debug|Any CPU
		{994C2062-E351-4AE6-A601-F6CAFB88D958}.Release|Any CPU.ActiveCfg = Release|Any CPU
		{994C2062-E351-4AE6-A601-F6CAFB88D958}.Release|Any CPU.Build.0 = Release|Any CPU
		{CDC3562F-8B44-4CB1-B8E2-8215327BE30D}.Debug|Any CPU.ActiveCfg = Debug|Any CPU
		{CDC3562F-8B44-4CB1-B8E2-8215327BE30D}.Debug|Any CPU.Build.0 = Debug|Any CPU
		{CDC3562F-8B44-4CB1-B8E2-8215327BE30D}.Release|Any CPU.ActiveCfg = Release|Any CPU
		{CDC3562F-8B44-4CB1-B8E2-8215327BE30D}.Release|Any CPU.Build.0 = Release|Any CPU
	EndGlobalSection
	GlobalSection(SolutionProperties) = preSolution
		HideSolutionNode = FALSE
	EndGlobalSection
	GlobalSection(ExtensibilityGlobals) = postSolution
		SolutionGuid = {B553013C-7035-4A01-95BC-67C428E0DFF6}
	EndGlobalSection
EndGlobal
